github.com/OneOfOne/xxhash v1.2.2 h1:KMrpdQIwFcEqXDklaen+P1axHaj9BSKzvpUUfnHldSE=
github.com/OneOfOne/xxhash v1.2.2/go.mod h1:HSdplMjZKSmBqAxg5vPj2TmRDmfkzw+cTzAElWljhcU=
github.com/alvaroloes/enumer v1.1.2/go.mod h1:FxrjvuXoDAx9isTJrv4c+T410zFi0DtXIT0m65DJ+Wo=
github.com/boltdb/bolt v1.3.1 h1:JQmyP4ZBrce+ZQu0dY660FMfatumYDLun9hBCUVIkF4=
github.com/boltdb/bolt v1.3.1/go.mod h1:clJnj/oiGkjum5o1McbSZDSLxVThjynRyGBgiAx27Ps=
github.com/bwesterb/byteswriter v1.0.0 h1:xY3MWW1N1jiJ2qlw6/U3YjqyuqNIYu3W7KOCiBbtZp8=
github.com/bwesterb/byteswriter v1.0.0/go.mod h1:Gm9TBFNK7ypbrMrWZXBYqX2S1N8mc8DdoHW+Rl002Pc=
github.com/bwesterb/go-pow v1.0.0 h1:QZ+LZMmZZYjqesKIr4nFCKAGIpLPePO/klHVSlzbvbo=
github.com/bwesterb/go-pow v1.0.0/go.mod h1:Px3tTFyb+vzbrJYKBqyrxp+3MY8KRP6mbAk74iayAyY=
github.com/bwesterb/go-xmssmt v1.0.0 h1:t6bzrtuSArqpRlTAe4JHCQM1ULopuUTvJdaTiJBA+K8=
github.com/bwesterb/go-xmssmt v1.0.0/go.mod h1:uQDiPbS9S5gacR/zIQebW5FeJ4MPzGedKPvnUg3PdKU=
github.com/bwesterb/go-xmssmt v1.0.1 h1:waUzja83WUmkBL8bachQhRXDm53PgDy3w89poprxBtQ=
github.com/bwesterb/go-xmssmt v1.0.1/go.mod h1:njxlRp27Zxq1IYvQJ44pkfgIZCPF/hL/YFzyOWl8fvw=
github.com/bwesterb/go-xmssmt v1.0.2 h1:jAp+4HTgENgCbLqmKbsLJiscge2uYyzYc/ID8Yac2QU=
github.com/bwesterb/go-xmssmt v1.0.2/go.mod h1:njxlRp27Zxq1IYvQJ44pkfgIZCPF/hL/YFzyOWl8fvw=
github.com/bwesterb/go-xmssmt v1.1.0 h1:ysIBM6ygWZ9hGc7BSy45teyPcvXuN7w10kY3KiHDDtk=
github.com/bwesterb/go-xmssmt v1.1.0/go.mod h1:5hHKwAHCpC/uaf62eSDxyCXz+iQmJ1p5RJ7o6wE8aKU=
github.com/bwesterb/go-xmssmt v1.2.0 h1:HCw5MAcGXKAXRtAlyNn4J6DM7x23wL7gcXvW2K1S9sU=
github.com/bwesterb/go-xmssmt v1.2.0/go.mod h1:vqVflXfhBuMHjNlZ15Ij0LbatipCdWd1RDJW6W/DPdA=
github.com/bwesterb/go-xmssmt v1.3.0 h1:62RiZEpiXdyl5eKId+VVQiWcPtitVocQJU/E7S9lF+s=
github.com/bwesterb/go-xmssmt v1.3.0/go.mod h1:r12Xc4oWDZUJwxu/GYhwVmBcY5AqIBFvfQpfrz2MmRo=
github.com/bwesterb/go-xmssmt v1.4.0 h1:aem6Q8OuiLZuKXf4/shLGI+Qy7N3zsOO2/Ga8XfacM0=
github.com/bwesterb/go-xmssmt v1.4.0/go.mod h1:HF48A0WMH2E21wN2oly7j2WVSGxxBaXt497K/nsTdgg=
github.com/cespare/xxhash v1.1.0 h1:a6HrQnmkObjyL+Gs60czilIUGqrzKutQD6XZog3p+ko=
github.com/cespare/xxhash v1.1.0/go.mod h1:XrSqR1VqqWfGrhpAt58auRo0WTKS1nRRg3ghfAqPWnc=
github.com/dustin/go-humanize v1.0.0 h1:VSnTsYCnlFHaM2/igO1h6X3HA71jcobQuxemgkq4zYo=
github.com/dustin/go-humanize v1.0.0/go.mod h1:HtrtbFcZ19U5GC7JDqmcUSB87Iq5E25KnS6fMYU6eOk=
github.com/edsrzf/mmap-go v1.0.0 h1:CEBF7HpRnUCSJgGUb5h1Gm7e3VkmVDrR8lvWVLtrOFw=
github.com/edsrzf/mmap-go v1.0.0/go.mod h1:YO35OhQPt3KJa3ryjFM5Bs14WD66h8eGKpfaBNrHW5M=
github.com/hashicorp/errwrap v1.0.0 h1:hLrqtEDnRye3+sgx6z4qVLNuviH3MR5aQ0ykNJa/UYA=
github.com/hashicorp/errwrap v1.0.0/go.mod h1:YH+1FKiLXxHSkmPseP+kNlulaMuP3n2brvKWEqk/Jc4=
github.com/hashicorp/go-multierror v1.0.0 h1:iVjPR7a6H0tWELX5NxNe7bYopibicUzc7uPribsnS6o=
github.com/hashicorp/go-multierror v1.0.0/go.mod h1:dHtQlpGsu+cZNNAkkCN/P3hoUDHhCYQXV3UM06sGGrk=
github.com/hashicorp/go-multierror v1.1.0 h1:B9UzwGQJehnUY1yNrnwREHc3fGbC2xefo8g4TbElacI=
github.com/hashicorp/go-multierror v1.1.0/go.mod h1:spPvp8C1qA32ftKqdAHm4hHTbPw+vmowP0z+KUhOZdA=
github.com/nightlyone/lockfile v0.0.0-20180618180623-0ad87eef1443 h1:+2OJrU8cmOstEoh0uQvYemRGVH1O6xtO2oANUWHFnP0=
github.com/nightlyone/lockfile v0.0.0-20180618180623-0ad87eef1443/go.mod h1:JbxfV1Iifij2yhRjXai0oFrbpxszXHRx1E5RuM26o4Y=
github.com/nightlyone/lockfile v1.0.0 h1:RHep2cFKK4PonZJDdEl4GmkabuhbsRMgk/k3uAmxBiA=
github.com/nightlyone/lockfile v1.0.0/go.mod h1:rywoIealpdNse2r832aiD9jRk8ErCatROs6LzC841CI=
github.com/pascaldekloe/name v0.0.0-20180628100202-0fd16699aae1/go.mod h1:eD5JxqMiuNYyFNmyY9rkJ/slN8y59oEu4Ei7F8OoKWQ=
github.com/spaolacci/murmur3 v0.0.0-20180118202830-f09979ecbc72 h1:qLC7fQah7D6K1B0ujays3HV9gkFtllcxhzImRR7ArPQ=
github.com/spaolacci/murmur3 v0.0.0-20180118202830-f09979ecbc72/go.mod h1:JwIasOWyU6f++ZhiEuf87xNszmSA2myDM2Kzu9HwQUA=
github.com/templexxx/cpu v0.0.1 h1:hY4WdLOgKdc8y13EYklu9OUTXik80BkxHoWvTO6MQQY=
github.com/templexxx/cpu v0.0.1/go.mod h1:w7Tb+7qgcAlIyX4NhLuDKt78AHA5SzPmq0Wj6HiEnnk=
github.com/templexxx/cpufeat v0.0.0-20180724012125-cef66df7f161 h1:89CEmDvlq/F7SJEOqkIdNDGJXrQIhuIx9D2DBXjavSU=
github.com/templexxx/cpufeat v0.0.0-20180724012125-cef66df7f161/go.mod h1:wM7WEvslTq+iOEAMDLSzhVuOt5BRZ05WirO+b09GHQU=
github.com/templexxx/xor v0.0.0-20181023030647-4e92f724b73b h1:mnG1fcsIB1d/3vbkBak2MM0u+vhGhlQwpeimUi7QncM=
github.com/templexxx/xor v0.0.0-20181023030647-4e92f724b73b/go.mod h1:5XA7W9S6mni3h5uvOC75dA3m9CCCaS83lltmc0ukdi4=
github.com/templexxx/xor v0.0.0-20191217153810-f85b25db303b h1:fj5tQ8acgNUr6O8LEplsxDhUIe2573iLkJc+PqnzZTI=
github.com/templexxx/xor v0.0.0-20191217153810-f85b25db303b/go.mod h1:5XA7W9S6mni3h5uvOC75dA3m9CCCaS83lltmc0ukdi4=
github.com/templexxx/xorsimd v0.4.1 h1:iUZcywbOYDRAZUasAs2eSCUW8eobuZDy0I9FJiORkVg=
github.com/templexxx/xorsimd v0.4.1/go.mod h1:W+ffZz8jJMH2SXwuKu9WhygqBMbFnp14G2fqEr8qaNo=
github.com/timshannon/bolthold v0.0.0-20180829183128-83840edea944 h1:gpP0SE4FIbe/r8ES2eLrs7iWmg7j9ipvqM2c+0aDJu8=
github.com/timshannon/bolthold v0.0.0-20180829183128-83840edea944/go.mod h1:jUigdmrbdCxcIDEFrq82t4X9805XZfwFZoYUap0ET/U=
github.com/timshannon/bolthold v0.0.0-20191212204344-59576e1e7b0b h1:BegtaPpb5C5eY0APFDOJFMdnBTBDPlR+ifeZk+zei84=
github.com/timshannon/bolthold v0.0.0-20191212204344-59576e1e7b0b/go.mod h1:jUigdmrbdCxcIDEFrq82t4X9805XZfwFZoYUap0ET/U=
github.com/timshannon/bolthold v0.0.0-20200427201721-dc44bebf3b31 h1:cGPkzoj2p/hIhG7cz+tkTyXCffmblfSlpbcgRLPup+U=
github.com/timshannon/bolthold v0.0.0-20200427201721-dc44bebf3b31/go.mod h1:jUigdmrbdCxcIDEFrq82t4X9805XZfwFZoYUap0ET/U=
github.com/urfave/cli v1.20.0 h1:fDqGv3UG/4jbVl/QkFwEdddtEDjh/5Ov6X+0B/3bPaw=
github.com/urfave/cli v1.20.0/go.mod h1:70zkFmudgCuE/ngEzBv17Jvp/497gISqfk5gWijbERA=
go.etcd.io/bbolt v1.3.0 h1:oY10fI923Q5pVCVt1GBTZMn8LHo5M+RCInFpeMnV4QI=
go.etcd.io/bbolt v1.3.0/go.mod h1:IbVyRI1SCnLcuJnV2u8VeU0CEYM7e686BmAb1XKL+uU=
go.etcd.io/bbolt v1.3.3 h1:MUGmc65QhB3pIlaQ5bB4LwqSj6GIonVJXpZiaKNyaKk=
go.etcd.io/bbolt v1.3.3/go.mod h1:IbVyRI1SCnLcuJnV2u8VeU0CEYM7e686BmAb1XKL+uU=
go.etcd.io/bbolt v1.3.4 h1:hi1bXHMVrlQh6WwxAy+qZCV/SYIlqo+Ushwdpa4tAKg=
go.etcd.io/bbolt v1.3.4/go.mod h1:G5EMThwa9y8QZGBClrRx5EY+Yw9kAhnjy3bSjsnlVTQ=
golang.org/x/crypto v0.0.0-20190123085648-057139ce5d2b h1:Elez2XeF2p9uyVj0yEUDqQ56NFcDtcBNkYP7yv8YbUE=
golang.org/x/crypto v0.0.0-20190123085648-057139ce5d2b/go.mod h1:6SG95UA2DQfeDnfUPMdvaQW0Q7yPrPDi9nlGo2tz2b4=
golang.org/x/crypto v0.0.0-20190308221718-c2843e01d9a2 h1:VklqNMn3ovrHsnt90PveolxSbWFaJdECFbxSq0Mqo2M=
golang.org/x/crypto v0.0.0-20190308221718-c2843e01d9a2/go.mod h1:djNgcEr1/C05ACkg1iLfiJU5Ep61QUkGW8qpdssI0+w=
golang.org/x/crypto v0.0.0-20191219195013-becbf705a915 h1:aJ0ex187qoXrJHPo8ZasVTASQB7llQP6YeNzgDALPRk=
golang.org/x/crypto v0.0.0-20191219195013-becbf705a915/go.mod h1:LzIPMQfyMNhhGPhUkYOs5KpL4U8rLKemX1yGLhDgUto=
golang.org/x/crypto v0.0.0-20191227163750-53104e6ec876 h1:sKJQZMuxjOAR/Uo2LBfU90onWEf1dF4C+0hPJCc9Mpc=
golang.org/x/crypto v0.0.0-20191227163750-53104e6ec876/go.mod h1:LzIPMQfyMNhhGPhUkYOs5KpL4U8rLKemX1yGLhDgUto=
golang.org/x/crypto v0.0.0-20200510223506-06a226fb4e37 h1:cg5LA/zNPRzIXIWSCxQW10Rvpy94aQh3LT/ShoCpkHw=
golang.org/x/crypto v0.0.0-20200510223506-06a226fb4e37/go.mod h1:LzIPMQfyMNhhGPhUkYOs5KpL4U8rLKemX1yGLhDgUto=
golang.org/x/net v0.0.0-20190311183353-d8887717615a/go.mod h1:t9HGtf8HONx5eT2rtn7q6eTqICYqUVnKs3thJo3Qplg=
golang.org/x/net v0.0.0-20190404232315-eb5bcb51f2a3/go.mod h1:t9HGtf8HONx5eT2rtn7q6eTqICYqUVnKs3thJo3Qplg=
golang.org/x/sync v0.0.0-20190423024810-112230192c58/go.mod h1:RxMgew5VJxzue5/jJTE5uejpjVlOe/izrB70Jof72aM=
golang.org/x/sys v0.0.0-20190124100055-b90733256f2e h1:3GIlrlVLfkoipSReOMNAgApI0ajnalyLa/EZHHca/XI=
golang.org/x/sys v0.0.0-20190124100055-b90733256f2e/go.mod h1:STP8DvDyc/dI5b8T5hshtkjS+E42TnysNCUPdjciGhY=
golang.org/x/sys v0.0.0-20190215142949-d0b11bdaac8a h1:1BGLXjeY4akVXGgbC9HugT3Jv3hCI0z56oJR5vAMgBU=
golang.org/x/sys v0.0.0-20190215142949-d0b11bdaac8a/go.mod h1:STP8DvDyc/dI5b8T5hshtkjS+E42TnysNCUPdjciGhY=
golang.org/x/sys v0.0.0-20190412213103-97732733099d/go.mod h1:h1NjWce9XRLGQEsW7wpKNCjG9DtNlClVuFLEZdDNbEs=
golang.org/x/sys v0.0.0-20191220142924-d4481acd189f h1:68K/z8GLUxV76xGSqwTWw2gyk/jwn79LUL43rES2g8o=
golang.org/x/sys v0.0.0-20191220142924-d4481acd189f/go.mod h1:h1NjWce9XRLGQEsW7wpKNCjG9DtNlClVuFLEZdDNbEs=
golang.org/x/sys v0.0.0-20191224085550-c709ea063b76 h1:Dho5nD6R3PcW2SH1or8vS0dszDaXRxIw55lBX7XiE5g=
golang.org/x/sys v0.0.0-20191224085550-c709ea063b76/go.mod h1:h1NjWce9XRLGQEsW7wpKNCjG9DtNlClVuFLEZdDNbEs=
golang.org/x/sys v0.0.0-20200202164722-d101bd2416d5/go.mod h1:h1NjWce9XRLGQEsW7wpKNCjG9DtNlClVuFLEZdDNbEs=
golang.org/x/sys v0.0.0-20200515095857-1151b9dac4a9 h1:YTzHMGlqJu67/uEo1lBv0n3wBXhXNeUbB1XfN2vmTm0=
golang.org/x/sys v0.0.0-20200515095857-1151b9dac4a9/go.mod h1:h1NjWce9XRLGQEsW7wpKNCjG9DtNlClVuFLEZdDNbEs=
golang.org/x/sys v0.0.0-20200523222454-059865788121 h1:rITEj+UZHYC927n8GT97eC3zrpzXdb/voyeOuVKS46o=
golang.org/x/sys v0.0.0-20200523222454-059865788121/go.mod h1:h1NjWce9XRLGQEsW7wpKNCjG9DtNlClVuFLEZdDNbEs=
golang.org/x/text v0.3.0/go.mod h1:NqM8EUOU14njkJ3fqMW+pc6Ldnwhi/IjpwHt7yyuwOQ=
golang.org/x/tools v0.0.0-20190524210228-3d17549cdc6b/go.mod h1:RgjU9mgBXZiqYHBnxXauZ1Gv1EHHAz9KjViQ78xBX0Q=
